{
  "name": "docxtemplater-num-bug",
  "version": "1.0.0",
  "lockfileVersion": 1,
  "requires": true,
  "dependencies": {
    "angular-expressions": {
      "version": "0.3.0",
      "resolved": "https://registry.npmjs.org/angular-expressions/-/angular-expressions-0.3.0.tgz",
      "integrity": "sha1-xzzbXhXDLUCxYAXClB1lI+8fFBs="
    },
    "docxtemplater": {
      "version": "3.1.7",
      "resolved": "https://registry.npmjs.org/docxtemplater/-/docxtemplater-3.1.7.tgz",
      "integrity": "sha512-NuKoY+W2FVy5zqnO6tuxQZLZJ3DGFts83EQkGrvcE4I04XnuPFudRR+B6TO5fQI/VNNB/FpjGzulZRoW86A3aA==",
      "requires": {
        "xmldom": "0.1.27"
      }
    },
    "jszip": {
      "version": "2.6.1",
      "resolved": "https://registry.npmjs.org/jszip/-/jszip-2.6.1.tgz",
      "integrity": "sha1-uI86ey5noqBIFSmCx6N1bZxIKPA=",
      "requires": {
        "pako": "1.0.5"
      }
    },
    "pako": {
      "version": "1.0.5",
      "resolved": "https://registry.npmjs.org/pako/-/pako-1.0.5.tgz",
      "integrity": "sha1-0iBd/ludqK95fnwWPbTR+E5GALw="
    },
    "xmldom": {
      "version": "0.1.27",
      "resolved": "https://registry.npmjs.org/xmldom/-/xmldom-0.1.27.tgz",
      "integrity": "sha1-1QH5ezvbQDr4757MIFcxh6rawOk="
    }
  }
}
